// !$*UTF8*$!
{
	archiveVersion = 1;
	classes = {
	};
	objectVersion = 55;
	objects = {

/* Begin PBXBuildFile section */
		636770E828705C9F000CEBE4 /* AppDelegate.swift in Sources */ = {isa = PBXBuildFile; fileRef = 636770E728705C9F000CEBE4 /* AppDelegate.swift */; };
		636770EA28705C9F000CEBE4 /* SceneDelegate.swift in Sources */ = {isa = PBXBuildFile; fileRef = 636770E928705C9F000CEBE4 /* SceneDelegate.swift */; };
		636770EC28705C9F000CEBE4 /* MainViewController.swift in Sources */ = {isa = PBXBuildFile; fileRef = 636770EB28705C9F000CEBE4 /* MainViewController.swift */; };
		636770EF28705C9F000CEBE4 /* Main.storyboard in Resources */ = {isa = PBXBuildFile; fileRef = 636770ED28705C9F000CEBE4 /* Main.storyboard */; };
		636770F128705CA1000CEBE4 /* Assets.xcassets in Resources */ = {isa = PBXBuildFile; fileRef = 636770F028705CA1000CEBE4 /* Assets.xcassets */; };
		636770F428705CA1000CEBE4 /* LaunchScreen.storyboard in Resources */ = {isa = PBXBuildFile; fileRef = 636770F228705CA1000CEBE4 /* LaunchScreen.storyboard */; };
		636770FC28705CB5000CEBE4 /* Comments.swift in Sources */ = {isa = PBXBuildFile; fileRef = 636770FB28705CB5000CEBE4 /* Comments.swift */; };
		636770FE28705CF4000CEBE4 /* MainPresenter.swift in Sources */ = {isa = PBXBuildFile; fileRef = 636770FD28705CF4000CEBE4 /* MainPresenter.swift */; };
		6367710428706126000CEBE4 /* MainViewController.xib in Resources */ = {isa = PBXBuildFile; fileRef = 6367710328706126000CEBE4 /* MainViewController.xib */; };
		63677106287061D0000CEBE4 /* ModuleBilder.swift in Sources */ = {isa = PBXBuildFile; fileRef = 63677105287061D0000CEBE4 /* ModuleBilder.swift */; };
		636771082870D4C8000CEBE4 /* NetworkService.swift in Sources */ = {isa = PBXBuildFile; fileRef = 636771072870D4C8000CEBE4 /* NetworkService.swift */; };
		6367710B2870DAD6000CEBE4 /* DetailPresenter.swift in Sources */ = {isa = PBXBuildFile; fileRef = 6367710A2870DAD6000CEBE4 /* DetailPresenter.swift */; };
		636771102870DC47000CEBE4 /* DetailViewController.swift in Sources */ = {isa = PBXBuildFile; fileRef = 6367710E2870DC47000CEBE4 /* DetailViewController.swift */; };
		636771112870DC47000CEBE4 /* DetailViewController.xib in Resources */ = {isa = PBXBuildFile; fileRef = 6367710F2870DC47000CEBE4 /* DetailViewController.xib */; };
/* End PBXBuildFile section */

/* Begin PBXFileReference section */
		636770E428705C9F000CEBE4 /* MVP.app */ = {isa = PBXFileReference; explicitFileType = wrapper.application; includeInIndex = 0; path = MVP.app; sourceTree = BUILT_PRODUCTS_DIR; };
		636770E728705C9F000CEBE4 /* AppDelegate.swift */ = {isa = PBXFileReference; lastKnownFileType = sourcecode.swift; path = AppDelegate.swift; sourceTree = "<group>"; };
		636770E928705C9F000CEBE4 /* SceneDelegate.swift */ = {isa = PBXFileReference; lastKnownFileType = sourcecode.swift; path = SceneDelegate.swift; sourceTree = "<group>"; };
		636770EB28705C9F000CEBE4 /* MainViewController.swift */ = {isa = PBXFileReference; lastKnownFileType = sourcecode.swift; path = MainViewController.swift; sourceTree = "<group>"; };
		636770EE28705C9F000CEBE4 /* Base */ = {isa = PBXFileReference; lastKnownFileType = file.storyboard; name = Base; path = Base.lproj/Main.storyboard; sourceTree = "<group>"; };
		636770F028705CA1000CEBE4 /* Assets.xcassets */ = {isa = PBXFileReference; lastKnownFileType = folder.assetcatalog; path = Assets.xcassets; sourceTree = "<group>"; };
		636770F328705CA1000CEBE4 /* Base */ = {isa = PBXFileReference; lastKnownFileType = file.storyboard; name = Base; path = Base.lproj/LaunchScreen.storyboard; sourceTree = "<group>"; };
		636770F528705CA1000CEBE4 /* Info.plist */ = {isa = PBXFileReference; lastKnownFileType = text.plist.xml; path = Info.plist; sourceTree = "<group>"; };
		636770FB28705CB5000CEBE4 /* Comments.swift */ = {isa = PBXFileReference; lastKnownFileType = sourcecode.swift; path = Comments.swift; sourceTree = "<group>"; };
		636770FD28705CF4000CEBE4 /* MainPresenter.swift */ = {isa = PBXFileReference; lastKnownFileType = sourcecode.swift; path = MainPresenter.swift; sourceTree = "<group>"; };
		6367710328706126000CEBE4 /* MainViewController.xib */ = {isa = PBXFileReference; lastKnownFileType = file.xib; path = MainViewController.xib; sourceTree = "<group>"; };
		63677105287061D0000CEBE4 /* ModuleBilder.swift */ = {isa = PBXFileReference; lastKnownFileType = sourcecode.swift; path = ModuleBilder.swift; sourceTree = "<group>"; };
		636771072870D4C8000CEBE4 /* NetworkService.swift */ = {isa = PBXFileReference; lastKnownFileType = sourcecode.swift; path = NetworkService.swift; sourceTree = "<group>"; };
		6367710A2870DAD6000CEBE4 /* DetailPresenter.swift */ = {isa = PBXFileReference; lastKnownFileType = sourcecode.swift; path = DetailPresenter.swift; sourceTree = "<group>"; };
		6367710E2870DC47000CEBE4 /* DetailViewController.swift */ = {isa = PBXFileReference; lastKnownFileType = sourcecode.swift; path = DetailViewController.swift; sourceTree = "<group>"; };
		6367710F2870DC47000CEBE4 /* DetailViewController.xib */ = {isa = PBXFileReference; lastKnownFileType = file.xib; path = DetailViewController.xib; sourceTree = "<group>"; };
/* End PBXFileReference section */

/* Begin PBXFrameworksBuildPhase section */
		636770E128705C9F000CEBE4 /* Frameworks */ = {
			isa = PBXFrameworksBuildPhase;
			buildActionMask = 2147483647;
			files = (
			);
			runOnlyForDeploymentPostprocessing = 0;
		};
/* End PBXFrameworksBuildPhase section */

/* Begin PBXGroup section */
		636770DB28705C9F000CEBE4 = {
			isa = PBXGroup;
			children = (
				636770E628705C9F000CEBE4 /* MVP */,
				636770E528705C9F000CEBE4 /* Products */,
			);
			sourceTree = "<group>";
		};
		636770E528705C9F000CEBE4 /* Products */ = {
			isa = PBXGroup;
			children = (
				636770E428705C9F000CEBE4 /* MVP.app */,
			);
			name = Products;
			sourceTree = "<group>";
		};
		636770E628705C9F000CEBE4 /* MVP */ = {
			isa = PBXGroup;
			children = (
				636770E728705C9F000CEBE4 /* AppDelegate.swift */,
				636770E928705C9F000CEBE4 /* SceneDelegate.swift */,
				63677105287061D0000CEBE4 /* ModuleBilder.swift */,
				6367710D2870DC2A000CEBE4 /* DetailModule */,
				636770FF287060E7000CEBE4 /* MainModule */,
				636771092870D4DE000CEBE4 /* ServiceLayer */,
				636770ED28705C9F000CEBE4 /* Main.storyboard */,
				636770F028705CA1000CEBE4 /* Assets.xcassets */,
				636770F228705CA1000CEBE4 /* LaunchScreen.storyboard */,
				636770F528705CA1000CEBE4 /* Info.plist */,
			);
			path = MVP;
			sourceTree = "<group>";
		};
		636770FF287060E7000CEBE4 /* MainModule */ = {
			isa = PBXGroup;
			children = (
				6367710228706105000CEBE4 /* Presenter */,
				63677101287060FB000CEBE4 /* Model */,
				63677100287060F4000CEBE4 /* View */,
			);
			path = MainModule;
			sourceTree = "<group>";
		};
		63677100287060F4000CEBE4 /* View */ = {
			isa = PBXGroup;
			children = (
				6367710328706126000CEBE4 /* MainViewController.xib */,
				636770EB28705C9F000CEBE4 /* MainViewController.swift */,
			);
			path = View;
			sourceTree = "<group>";
		};
		63677101287060FB000CEBE4 /* Model */ = {
			isa = PBXGroup;
			children = (
				636770FB28705CB5000CEBE4 /* Comments.swift */,
			);
			path = Model;
			sourceTree = "<group>";
		};
		6367710228706105000CEBE4 /* Presenter */ = {
			isa = PBXGroup;
			children = (
				636770FD28705CF4000CEBE4 /* MainPresenter.swift */,
			);
			path = Presenter;
			sourceTree = "<group>";
		};
		636771092870D4DE000CEBE4 /* ServiceLayer */ = {
			isa = PBXGroup;
			children = (
				636771072870D4C8000CEBE4 /* NetworkService.swift */,
			);
			path = ServiceLayer;
			sourceTree = "<group>";
		};
		6367710C2870DC1E000CEBE4 /* Presenter */ = {
			isa = PBXGroup;
			children = (
				6367710A2870DAD6000CEBE4 /* DetailPresenter.swift */,
			);
			path = Presenter;
			sourceTree = "<group>";
		};
		6367710D2870DC2A000CEBE4 /* DetailModule */ = {
			isa = PBXGroup;
			children = (
				6367710C2870DC1E000CEBE4 /* Presenter */,
				636771122870DC4D000CEBE4 /* View */,
			);
			path = DetailModule;
			sourceTree = "<group>";
		};
		636771122870DC4D000CEBE4 /* View */ = {
			isa = PBXGroup;
			children = (
				6367710E2870DC47000CEBE4 /* DetailViewController.swift */,
				6367710F2870DC47000CEBE4 /* DetailViewController.xib */,
			);
			path = View;
			sourceTree = "<group>";
		};
/* End PBXGroup section */

/* Begin PBXNativeTarget section */
		636770E328705C9F000CEBE4 /* MVP */ = {
			isa = PBXNativeTarget;
			buildConfigurationList = 636770F828705CA1000CEBE4 /* Build configuration list for PBXNativeTarget "MVP" */;
			buildPhases = (
				636770E028705C9F000CEBE4 /* Sources */,
				636770E128705C9F000CEBE4 /* Frameworks */,
				636770E228705C9F000CEBE4 /* Resources */,
			);
			buildRules = (
			);
			dependencies = (
			);
			name = MVP;
			productName = MVP;
			productReference = 636770E428705C9F000CEBE4 /* MVP.app */;
			productType = "com.apple.product-type.application";
		};
/* End PBXNativeTarget section */

/* Begin PBXProject section */
		636770DC28705C9F000CEBE4 /* Project object */ = {
			isa = PBXProject;
			attributes = {
				BuildIndependentTargetsInParallel = 1;
				LastSwiftUpdateCheck = 1330;
				LastUpgradeCheck = 1330;
				TargetAttributes = {
					636770E328705C9F000CEBE4 = {
						CreatedOnToolsVersion = 13.3;
					};
				};
			};
			buildConfigurationList = 636770DF28705C9F000CEBE4 /* Build configuration list for PBXProject "MVP" */;
			compatibilityVersion = "Xcode 13.0";
			developmentRegion = en;
			hasScannedForEncodings = 0;
			knownRegions = (
				en,
				Base,
			);
			mainGroup = 636770DB28705C9F000CEBE4;
			productRefGroup = 636770E528705C9F000CEBE4 /* Products */;
			projectDirPath = "";
			projectRoot = "";
			targets = (
				636770E328705C9F000CEBE4 /* MVP */,
			);
		};
/* End PBXProject section */

/* Begin PBXResourcesBuildPhase section */
		636770E228705C9F000CEBE4 /* Resources */ = {
			isa = PBXResourcesBuildPhase;
			buildActionMask = 2147483647;
			files = (
				636770F428705CA1000CEBE4 /* LaunchScreen.storyboard in Resources */,
				636770F128705CA1000CEBE4 /* Assets.xcassets in Resources */,
				636771112870DC47000CEBE4 /* DetailViewController.xib in Resources */,
				636770EF28705C9F000CEBE4 /* Main.storyboard in Resources */,
				6367710428706126000CEBE4 /* MainViewController.xib in Resources */,
			);
			runOnlyForDeploymentPostprocessing = 0;
		};
/* End PBXResourcesBuildPhase section */

/* Begin PBXSourcesBuildPhase section */
		636770E028705C9F000CEBE4 /* Sources */ = {
			isa = PBXSourcesBuildPhase;
			buildActionMask = 2147483647;
			files = (
				636771102870DC47000CEBE4 /* DetailViewController.swift in Sources */,
				636770FE28705CF4000CEBE4 /* MainPresenter.swift in Sources */,
				636770EC28705C9F000CEBE4 /* MainViewController.swift in Sources */,
				636770E828705C9F000CEBE4 /* AppDelegate.swift in Sources */,
				6367710B2870DAD6000CEBE4 /* DetailPresenter.swift in Sources */,
				63677106287061D0000CEBE4 /* ModuleBilder.swift in Sources */,
				636770FC28705CB5000CEBE4 /* Comments.swift in Sources */,
				636770EA28705C9F000CEBE4 /* SceneDelegate.swift in Sources */,
				636771082870D4C8000CEBE4 /* NetworkService.swift in Sources */,
			);
			runOnlyForDeploymentPostprocessing = 0;
		};
/* End PBXSourcesBuildPhase section */

/* Begin PBXVariantGroup section */
		636770ED28705C9F000CEBE4 /* Main.storyboard */ = {
			isa = PBXVariantGroup;
			children = (
				636770EE28705C9F000CEBE4 /* Base */,
			);
			name = Main.storyboard;
			sourceTree = "<group>";
		};
		636770F228705CA1000CEBE4 /* LaunchScreen.storyboard */ = {
			isa = PBXVariantGroup;
			children = (
				636770F328705CA1000CEBE4 /* Base */,
			);
			name = LaunchScreen.storyboard;
			sourceTree = "<group>";
		};
/* End PBXVariantGroup section */

/* Begin XCBuildConfiguration section */
		636770F628705CA1000CEBE4 /* Debug */ = {
			isa = XCBuildConfiguration;
			buildSettings = {
				ALWAYS_SEARCH_USER_PATHS = NO;
				CLANG_ANALYZER_NONNULL = YES;
				CLANG_ANALYZER_NUMBER_OBJECT_CONVERSION = YES_AGGRESSIVE;
				CLANG_CXX_LANGUAGE_STANDARD = "gnu++17";
				CLANG_ENABLE_MODULES = YES;
				CLANG_ENABLE_OBJC_ARC = YES;
				CLANG_ENABLE_OBJC_WEAK = YES;
				CLANG_WARN_BLOCK_CAPTURE_AUTORELEASING = YES;
				CLANG_WARN_BOOL_CONVERSION = YES;
				CLANG_WARN_COMMA = YES;
				CLANG_WARN_CONSTANT_CONVERSION = YES;
				CLANG_WARN_DEPRECATED_OBJC_IMPLEMENTATIONS = YES;
				CLANG_WARN_DIRECT_OBJC_ISA_USAGE = YES_ERROR;
				CLANG_WARN_DOCUMENTATION_COMMENTS = YES;
				CLANG_WARN_EMPTY_BODY = YES;
				CLANG_WARN_ENUM_CONVERSION = YES;
				CLANG_WARN_INFINITE_RECURSION = YES;
				CLANG_WARN_INT_CONVERSION = YES;
				CLANG_WARN_NON_LITERAL_NULL_CONVERSION = YES;
				CLANG_WARN_OBJC_IMPLICIT_RETAIN_SELF = YES;
				CLANG_WARN_OBJC_LITERAL_CONVERSION = YES;
				CLANG_WARN_OBJC_ROOT_CLASS = YES_ERROR;
				CLANG_WARN_QUOTED_INCLUDE_IN_FRAMEWORK_HEADER = YES;
				CLANG_WARN_RANGE_LOOP_ANALYSIS = YES;
				CLANG_WARN_STRICT_PROTOTYPES = YES;
				CLANG_WARN_SUSPICIOUS_MOVE = YES;
				CLANG_WARN_UNGUARDED_AVAILABILITY = YES_AGGRESSIVE;
				CLANG_WARN_UNREACHABLE_CODE = YES;
				CLANG_WARN__DUPLICATE_METHOD_MATCH = YES;
				COPY_PHASE_STRIP = NO;
				DEBUG_INFORMATION_FORMAT = dwarf;
				ENABLE_STRICT_OBJC_MSGSEND = YES;
				ENABLE_TESTABILITY = YES;
				GCC_C_LANGUAGE_STANDARD = gnu11;
				GCC_DYNAMIC_NO_PIC = NO;
				GCC_NO_COMMON_BLOCKS = YES;
				GCC_OPTIMIZATION_LEVEL = 0;
				GCC_PREPROCESSOR_DEFINITIONS = (
					"DEBUG=1",
					"$(inherited)",
				);
				GCC_WARN_64_TO_32_BIT_CONVERSION = YES;
				GCC_WARN_ABOUT_RETURN_TYPE = YES_ERROR;
				GCC_WARN_UNDECLARED_SELECTOR = YES;
				GCC_WARN_UNINITIALIZED_AUTOS = YES_AGGRESSIVE;
				GCC_WARN_UNUSED_FUNCTION = YES;
				GCC_WARN_UNUSED_VARIABLE = YES;
				IPHONEOS_DEPLOYMENT_TARGET = 15.4;
				MTL_ENABLE_DEBUG_INFO = INCLUDE_SOURCE;
				MTL_FAST_MATH = YES;
				ONLY_ACTIVE_ARCH = YES;
				SDKROOT = iphoneos;
				SWIFT_ACTIVE_COMPILATION_CONDITIONS = DEBUG;
				SWIFT_OPTIMIZATION_LEVEL = "-Onone";
			};
			name = Debug;
		};
		636770F728705CA1000CEBE4 /* Release */ = {
			isa = XCBuildConfiguration;
			buildSettings = {
				ALWAYS_SEARCH_USER_PATHS = NO;
				CLANG_ANALYZER_NONNULL = YES;
				CLANG_ANALYZER_NUMBER_OBJECT_CONVERSION = YES_AGGRESSIVE;
				CLANG_CXX_LANGUAGE_STANDARD = "gnu++17";
				CLANG_ENABLE_MODULES = YES;
				CLANG_ENABLE_OBJC_ARC = YES;
				CLANG_ENABLE_OBJC_WEAK = YES;
				CLANG_WARN_BLOCK_CAPTURE_AUTORELEASING = YES;
				CLANG_WARN_BOOL_CONVERSION = YES;
				CLANG_WARN_COMMA = YES;
				CLANG_WARN_CONSTANT_CONVERSION = YES;
				CLANG_WARN_DEPRECATED_OBJC_IMPLEMENTATIONS = YES;
				CLANG_WARN_DIRECT_OBJC_ISA_USAGE = YES_ERROR;
				CLANG_WARN_DOCUMENTATION_COMMENTS = YES;
				CLANG_WARN_EMPTY_BODY = YES;
				CLANG_WARN_ENUM_CONVERSION = YES;
				CLANG_WARN_INFINITE_RECURSION = YES;
				CLANG_WARN_INT_CONVERSION = YES;
				CLANG_WARN_NON_LITERAL_NULL_CONVERSION = YES;
				CLANG_WARN_OBJC_IMPLICIT_RETAIN_SELF = YES;
				CLANG_WARN_OBJC_LITERAL_CONVERSION = YES;
				CLANG_WARN_OBJC_ROOT_CLASS = YES_ERROR;
				CLANG_WARN_QUOTED_INCLUDE_IN_FRAMEWORK_HEADER = YES;
				CLANG_WARN_RANGE_LOOP_ANALYSIS = YES;
				CLANG_WARN_STRICT_PROTOTYPES = YES;
				CLANG_WARN_SUSPICIOUS_MOVE = YES;
				CLANG_WARN_UNGUARDED_AVAILABILITY = YES_AGGRESSIVE;
				CLANG_WARN_UNREACHABLE_CODE = YES;
				CLANG_WARN__DUPLICATE_METHOD_MATCH = YES;
				COPY_PHASE_STRIP = NO;
				DEBUG_INFORMATION_FORMAT = "dwarf-with-dsym";
				ENABLE_NS_ASSERTIONS = NO;
				ENABLE_STRICT_OBJC_MSGSEND = YES;
				GCC_C_LANGUAGE_STANDARD = gnu11;
				GCC_NO_COMMON_BLOCKS = YES;
				GCC_WARN_64_TO_32_BIT_CONVERSION = YES;
				GCC_WARN_ABOUT_RETURN_TYPE = YES_ERROR;
				GCC_WARN_UNDECLARED_SELECTOR = YES;
				GCC_WARN_UNINITIALIZED_AUTOS = YES_AGGRESSIVE;
				GCC_WARN_UNUSED_FUNCTION = YES;
				GCC_WARN_UNUSED_VARIABLE = YES;
				IPHONEOS_DEPLOYMENT_TARGET = 15.4;
				MTL_ENABLE_DEBUG_INFO = NO;
				MTL_FAST_MATH = YES;
				SDKROOT = iphoneos;
				SWIFT_COMPILATION_MODE = wholemodule;
				SWIFT_OPTIMIZATION_LEVEL = "-O";
				VALIDATE_PRODUCT = YES;
			};
			name = Release;
		};
		636770F928705CA1000CEBE4 /* Debug */ = {
			isa = XCBuildConfiguration;
			buildSettings = {
				ASSETCATALOG_COMPILER_APPICON_NAME = AppIcon;
				ASSETCATALOG_COMPILER_GLOBAL_ACCENT_COLOR_NAME = AccentColor;
				CODE_SIGN_STYLE = Automatic;
				CURRENT_PROJECT_VERSION = 1;
				DEVELOPMENT_TEAM = RW8DRR2459;
				GENERATE_INFOPLIST_FILE = YES;
				INFOPLIST_FILE = MVP/Info.plist;
				INFOPLIST_KEY_UIApplicationSupportsIndirectInputEvents = YES;
				INFOPLIST_KEY_UILaunchStoryboardName = LaunchScreen;
				INFOPLIST_KEY_UIMainStoryboardFile = Main;
				INFOPLIST_KEY_UISupportedInterfaceOrientations_iPad = "UIInterfaceOrientationPortrait UIInterfaceOrientationPortraitUpsideDown UIInterfaceOrientationLandscapeLeft UIInterfaceOrientationLandscapeRight";
				INFOPLIST_KEY_UISupportedInterfaceOrientations_iPhone = "UIInterfaceOrientationPortrait UIInterfaceOrientationLandscapeLeft UIInterfaceOrientationLandscapeRight";
				LD_RUNPATH_SEARCH_PATHS = (
					"$(inherited)",
					"@executable_path/Frameworks",
				);
				MARKETING_VERSION = 1.0;
				PRODUCT_BUNDLE_IDENTIFIER = moraWoo.MVP;
				PRODUCT_NAME = "$(TARGET_NAME)";
				SWIFT_EMIT_LOC_STRINGS = YES;
				SWIFT_VERSION = 5.0;
				TARGETED_DEVICE_FAMILY = "1,2";
			};
			name = Debug;
		};
		636770FA28705CA1000CEBE4 /* Release */ = {
			isa = XCBuildConfiguration;
			buildSettings = {
				ASSETCATALOG_COMPILER_APPICON_NAME = AppIcon;
				ASSETCATALOG_COMPILER_GLOBAL_ACCENT_COLOR_NAME = AccentColor;
				CODE_SIGN_STYLE = Automatic;
				CURRENT_PROJECT_VERSION = 1;
				DEVELOPMENT_TEAM = RW8DRR2459;
				GENERATE_INFOPLIST_FILE = YES;
				INFOPLIST_FILE = MVP/Info.plist;
				INFOPLIST_KEY_UIApplicationSupportsIndirectInputEvents = YES;
				INFOPLIST_KEY_UILaunchStoryboardName = LaunchScreen;
				INFOPLIST_KEY_UIMainStoryboardFile = Main;
				INFOPLIST_KEY_UISupportedInterfaceOrientations_iPad = "UIInterfaceOrientationPortrait UIInterfaceOrientationPortraitUpsideDown UIInterfaceOrientationLandscapeLeft UIInterfaceOrientationLandscapeRight";
				INFOPLIST_KEY_UISupportedInterfaceOrientations_iPhone = "UIInterfaceOrientationPortrait UIInterfaceOrientationLandscapeLeft UIInterfaceOrientationLandscapeRight";
				LD_RUNPATH_SEARCH_PATHS = (
					"$(inherited)",
					"@executable_path/Frameworks",
				);
				MARKETING_VERSION = 1.0;
				PRODUCT_BUNDLE_IDENTIFIER = moraWoo.MVP;
				PRODUCT_NAME = "$(TARGET_NAME)";
				SWIFT_EMIT_LOC_STRINGS = YES;
				SWIFT_VERSION = 5.0;
				TARGETED_DEVICE_FAMILY = "1,2";
			};
			name = Release;
		};
/* End XCBuildConfiguration section */

/* Begin XCConfigurationList section */
		636770DF28705C9F000CEBE4 /* Build configuration list for PBXProject "MVP" */ = {
			isa = XCConfigurationList;
			buildConfigurations = (
				636770F628705CA1000CEBE4 /* Debug */,
				636770F728705CA1000CEBE4 /* Release */,
			);
			defaultConfigurationIsVisible = 0;
			defaultConfigurationName = Release;
		};
		636770F828705CA1000CEBE4 /* Build configuration list for PBXNativeTarget "MVP" */ = {
			isa = XCConfigurationList;
			buildConfigurations = (
				636770F928705CA1000CEBE4 /* Debug */,
				636770FA28705CA1000CEBE4 /* Release */,
			);
			defaultConfigurationIsVisible = 0;
			defaultConfigurationName = Release;
		};
/* End XCConfigurationList section */
	};
	rootObject = 636770DC28705C9F000CEBE4 /* Project object */;
}
